
Microsoft Visual Studio Solution File, Format Version 11.00
# Visual Studio 2010
Project("{FAE04EC0-301F-11D3-BF4B-00C04F79EFBC}") = "animazioni", "Assembly-CSharp.csproj", "{D6119EDC-D8B8-A623-6348-07C23F4C9AB3}"
EndProject
Project("{FAE04EC0-301F-11D3-BF4B-00C04F79EFBC}") = "animazioni", "Assembly-CSharp-Editor.csproj", "{E8D4C1D0-3B51-B4C2-3496-EC5D3E4A114D}"
EndProject
Global
	GlobalSection(SolutionConfigurationPlatforms) = preSolution
		Debug|Any CPU = Debug|Any CPU
		Release|Any CPU = Release|Any CPU
	EndGlobalSection
	GlobalSection(ProjectConfigurationPlatforms) = postSolution
		{D6119EDC-D8B8-A623-6348-07C23F4C9AB3}.Debug|Any CPU.ActiveCfg = Debug|Any CPU
		{D6119EDC-D8B8-A623-6348-07C23F4C9AB3}.Debug|Any CPU.Build.0 = Debug|Any CPU
		{D6119EDC-D8B8-A623-6348-07C23F4C9AB3}.Release|Any CPU.ActiveCfg = Release|Any CPU
		{D6119EDC-D8B8-A623-6348-07C23F4C9AB3}.Release|Any CPU.Build.0 = Release|Any CPU
		{E8D4C1D0-3B51-B4C2-3496-EC5D3E4A114D}.Debug|Any CPU.ActiveCfg = Debug|Any CPU
		{E8D4C1D0-3B51-B4C2-3496-EC5D3E4A114D}.Debug|Any CPU.Build.0 = Debug|Any CPU
		{E8D4C1D0-3B51-B4C2-3496-EC5D3E4A114D}.Release|Any CPU.ActiveCfg = Release|Any CPU
		{E8D4C1D0-3B51-B4C2-3496-EC5D3E4A114D}.Release|Any CPU.Build.0 = Release|Any CPU
	EndGlobalSection
	GlobalSection(SolutionProperties) = preSolution
		HideSolutionNode = FALSE
	EndGlobalSection
	GlobalSection(MonoDevelopProperties) = preSolution
		StartupItem = Assembly-CSharp.csproj
	EndGlobalSection
EndGlobal
